
Microsoft Visual Studio Solution File, Format Version 12.00
# Visual Studio Version 17
VisualStudioVersion = 17.7.34024.191
MinimumVisualStudioVersion = 10.0.40219.1
Project("{8BC9CEB8-8B4A-11D0-8D11-00A0C91BC942}") = "PPGR - ćwiczenia 3.4", "PPGR - ćwiczenia 3.4\PPGR - ćwiczenia 3.4.vcxproj", "{ECF9BF5B-CC66-480D-98B8-B11F5AE04AC6}"
EndProject
Global
	GlobalSection(SolutionConfigurationPlatforms) = preSolution
		Debug|x64 = Debug|x64
		Debug|x86 = Debug|x86
		Release|x64 = Release|x64
		Release|x86 = Release|x86
	EndGlobalSection
	GlobalSection(ProjectConfigurationPlatforms) = postSolution
		{ECF9BF5B-CC66-480D-98B8-B11F5AE04AC6}.Debug|x64.ActiveCfg = Debug|x64
		{ECF9BF5B-CC66-480D-98B8-B11F5AE04AC6}.Debug|x64.Build.0 = Debug|x64
		{ECF9BF5B-CC66-480D-98B8-B11F5AE04AC6}.Debug|x86.ActiveCfg = Debug|Win32
		{ECF9BF5B-CC66-480D-98B8-B11F5AE04AC6}.Debug|x86.Build.0 = Debug|Win32
		{ECF9BF5B-CC66-480D-98B8-B11F5AE04AC6}.Release|x64.ActiveCfg = Release|x64
		{ECF9BF5B-CC66-480D-98B8-B11F5AE04AC6}.Release|x64.Build.0 = Release|x64
		{ECF9BF5B-CC66-480D-98B8-B11F5AE04AC6}.Release|x86.ActiveCfg = Release|Win32
		{ECF9BF5B-CC66-480D-98B8-B11F5AE04AC6}.Release|x86.Build.0 = Release|Win32
	EndGlobalSection
	GlobalSection(SolutionProperties) = preSolution
		HideSolutionNode = FALSE
	EndGlobalSection
	GlobalSection(ExtensibilityGlobals) = postSolution
		SolutionGuid = {4AC2B7C5-D32A-4D13-A9A0-E9F5AA805C91}
	EndGlobalSection
EndGlobal
